{
   "name": "simple-datetime-picker",
   "version": "1.0.0",
   "lockfileVersion": 1,
   "requires": true,
   "dependencies": {
      "@buuug7/uniapp-components": {
         "version": "0.6.0",
         "resolved": "https://registry.npmjs.org/@buuug7/uniapp-components/-/uniapp-components-0.6.0.tgz",
         "integrity": "sha512-H5T3Y8++BjEyECI4P3KYQ0proliKVTPsOOHiD8slHuEUDDSPkCLrfDsLh3sUESb/ODn9sbq0d+CQlPo8Q9hePA=="
      },
      "prettier": {
         "version": "1.18.2",
         "resolved": "https://registry.npmjs.org/prettier/-/prettier-1.18.2.tgz",
         "integrity": "sha512-OeHeMc0JhFE9idD4ZdtNibzY0+TPHSpSSb9h8FqtP+YnoZZ1sl8Vc9b1sasjfymH3SonAF4QcA2+mzHPhMvIiw==",
         "dev": true
      }
   }
}
