{
   "name": "simple-datetime-picker",
   "version": "1.0.0",
   "lockfileVersion": 1,
   "requires": true,
   "dependencies": {
      "buuug7-uniapp-components": {
         "version": "1.0.7",
         "resolved": "https://registry.npmjs.org/buuug7-uniapp-components/-/buuug7-uniapp-components-1.0.7.tgz",
         "integrity": "sha512-bsl3MH+KBG243RDfHOF1jeKE7Q9Kr3oWZqf1PkBz3IsIdEMw7/qjVBkW0T6YUCo7Ba6oU/9tTrslf8mNYAMxcg=="
      },
      "prettier": {
         "version": "1.18.2",
         "resolved": "https://registry.npmjs.org/prettier/-/prettier-1.18.2.tgz",
         "integrity": "sha512-OeHeMc0JhFE9idD4ZdtNibzY0+TPHSpSSb9h8FqtP+YnoZZ1sl8Vc9b1sasjfymH3SonAF4QcA2+mzHPhMvIiw==",
         "dev": true
      }
   }
}
